{
  "name": "@chatgpt/cloudinary",
  "version": "1.0.0",
  "lockfileVersion": 3,
  "requires": true,
  "packages": {
    "": {
      "name": "@chatgpt/cloudinary",
      "version": "1.0.0",
      "dependencies": {
        "cloudinary": "^2.7.0",
        "dotenv": "^16.5.0"
      },
      "devDependencies": {
        "@types/node": "^24.0.8"
      }
    },
    "../../node_modules/.pnpm/cloudinary@2.7.0/node_modules/cloudinary": {
      "version": "2.7.0",
      "license": "MIT",
      "dependencies": {
        "lodash": "^4.17.21",
        "q": "^1.5.1"
      },
      "devDependencies": {
        "@types/expect.js": "^0.3.29",
        "@types/mocha": "^7.0.2",
        "@types/node": "^13.5.0",
        "date-fns": "^2.16.1",
        "dotenv": "4.x",
        "dtslint": "^0.9.1",
        "eslint": "^6.8.0",
        "eslint-config-airbnb-base": "^14.2.1",
        "eslint-plugin-import": "^2.20.2",
        "expect.js": "0.3.x",
        "glob": "^7.1.6",
        "jsdoc": "^4.0.4",
        "jsdom": "^9.12.0",
        "jsdom-global": "2.1.1",
        "mocha": "^6.2.3",
        "nyc": "^14.1.1",
        "rimraf": "^3.0.0",
        "sinon": "^6.1.4",
        "typescript": "^3.7.5",
        "webpack-cli": "^3.2.1"
      },
      "engines": {
        "node": ">=9"
      }
    },
    "../../node_modules/.pnpm/dotenv@16.5.0/node_modules/dotenv": {
      "version": "16.5.0",
      "license": "BSD-2-Clause",
      "devDependencies": {
        "@types/node": "^18.11.3",
        "decache": "^4.6.2",
        "sinon": "^14.0.1",
        "standard": "^17.0.0",
        "standard-version": "^9.5.0",
        "tap": "^19.2.0",
        "typescript": "^4.8.4"
      },
      "engines": {
        "node": ">=12"
      },
      "funding": {
        "url": "https://dotenvx.com"
      }
    },
    "node_modules/@types/node": {
      "version": "24.0.8",
      "resolved": "https://registry.npmjs.org/@types/node/-/node-24.0.8.tgz",
      "integrity": "sha512-WytNrFSgWO/esSH9NbpWUfTMGQwCGIKfCmNlmFDNiI5gGhgMmEA+V1AEvKLeBNvvtBnailJtkrEa2OIISwrVAA==",
      "dev": true,
      "dependencies": {
        "undici-types": "~7.8.0"
      }
    },
    "node_modules/cloudinary": {
      "resolved": "../../node_modules/.pnpm/cloudinary@2.7.0/node_modules/cloudinary",
      "link": true
    },
    "node_modules/dotenv": {
      "resolved": "../../node_modules/.pnpm/dotenv@16.5.0/node_modules/dotenv",
      "link": true
    },
    "node_modules/undici-types": {
      "version": "7.8.0",
      "resolved": "https://registry.npmjs.org/undici-types/-/undici-types-7.8.0.tgz",
      "integrity": "sha512-9UJ2xGDvQ43tYyVMpuHlsgApydB8ZKfVYTsLDhXkFL/6gfkp+U8xTGdh8pMJv1SpZna0zxG1DwsKZsreLbXBxw==",
      "dev": true
    }
  }
}
